
Microsoft Visual Studio Solution File, Format Version 12.00
# Visual Studio 15
VisualStudioVersion = 15.0.27004.2005
MinimumVisualStudioVersion = 10.0.40219.1
Project("{FAE04EC0-301F-11D3-BF4B-00C04F79EFBC}") = "WindowsService1", "WindowsService1.csproj", "{639E0163-1D0F-4F73-977F-A9D21C16A379}"
EndProject
Global
	GlobalSection(SolutionConfigurationPlatforms) = preSolution
		Debug|Any CPU = Debug|Any CPU
		Release|Any CPU = Release|Any CPU
	EndGlobalSection
	GlobalSection(ProjectConfigurationPlatforms) = postSolution
		{639E0163-1D0F-4F73-977F-A9D21C16A379}.Debug|Any CPU.ActiveCfg = Debug|Any CPU
		{639E0163-1D0F-4F73-977F-A9D21C16A379}.Debug|Any CPU.Build.0 = Debug|Any CPU
		{639E0163-1D0F-4F73-977F-A9D21C16A379}.Release|Any CPU.ActiveCfg = Release|Any CPU
		{639E0163-1D0F-4F73-977F-A9D21C16A379}.Release|Any CPU.Build.0 = Release|Any CPU
	EndGlobalSection
	GlobalSection(SolutionProperties) = preSolution
		HideSolutionNode = FALSE
	EndGlobalSection
	GlobalSection(ExtensibilityGlobals) = postSolution
		SolutionGuid = {B4E87EC2-70C6-4F81-81E3-DE19D5DAE611}
	EndGlobalSection
EndGlobal
